
Microsoft Visual Studio Solution File, Format Version 12.00
# Visual Studio 14
VisualStudioVersion = 14.0.25420.1
MinimumVisualStudioVersion = 10.0.40219.1
Project("{FAE04EC0-301F-11D3-BF4B-00C04F79EFBC}") = "AndroidSlideLayout", "AndroidSlideLayout\AndroidSlideLayout.csproj", "{ED2E6BF5-10B1-41CD-B9F0-33D0DACB0AFF}"
EndProject
Project("{FAE04EC0-301F-11D3-BF4B-00C04F79EFBC}") = "AndroidSlideLayout.App", "AndroidSlideLayout.App\AndroidSlideLayout.App.csproj", "{2D2C7F9C-58BB-4309-8DF7-84586573C440}"
EndProject
Project("{2150E333-8FDC-42A3-9474-1A3956D46DE8}") = "Solution Items", "Solution Items", "{60F92E71-04AF-4444-B7BE-EDABC6E7457F}"
	ProjectSection(SolutionItems) = preProject
		all_vertical_horizontal.gif = all_vertical_horizontal.gif
		AndroidSlideLayout.nuspec = AndroidSlideLayout.nuspec
		config.wyam = config.wyam
		LICENSE.txt = LICENSE.txt
		README.md = README.md
		top_bottom_left_right.gif = top_bottom_left_right.gif
		transition.gif = transition.gif
	EndProjectSection
EndProject
Project("{FAE04EC0-301F-11D3-BF4B-00C04F79EFBC}") = "AndroidSlideLayout.Docs", "AndroidSlideLayout.Docs\AndroidSlideLayout.Docs.csproj", "{8BC9E63F-00AA-4AC6-8355-C4F1D417B06C}"
EndProject
Global
	GlobalSection(SolutionConfigurationPlatforms) = preSolution
		Debug|Any CPU = Debug|Any CPU
		Release|Any CPU = Release|Any CPU
	EndGlobalSection
	GlobalSection(ProjectConfigurationPlatforms) = postSolution
		{ED2E6BF5-10B1-41CD-B9F0-33D0DACB0AFF}.Debug|Any CPU.ActiveCfg = Debug|Any CPU
		{ED2E6BF5-10B1-41CD-B9F0-33D0DACB0AFF}.Debug|Any CPU.Build.0 = Debug|Any CPU
		{ED2E6BF5-10B1-41CD-B9F0-33D0DACB0AFF}.Release|Any CPU.ActiveCfg = Release|Any CPU
		{ED2E6BF5-10B1-41CD-B9F0-33D0DACB0AFF}.Release|Any CPU.Build.0 = Release|Any CPU
		{2D2C7F9C-58BB-4309-8DF7-84586573C440}.Debug|Any CPU.ActiveCfg = Debug|Any CPU
		{2D2C7F9C-58BB-4309-8DF7-84586573C440}.Debug|Any CPU.Build.0 = Debug|Any CPU
		{2D2C7F9C-58BB-4309-8DF7-84586573C440}.Debug|Any CPU.Deploy.0 = Debug|Any CPU
		{2D2C7F9C-58BB-4309-8DF7-84586573C440}.Release|Any CPU.ActiveCfg = Release|Any CPU
		{2D2C7F9C-58BB-4309-8DF7-84586573C440}.Release|Any CPU.Build.0 = Release|Any CPU
		{2D2C7F9C-58BB-4309-8DF7-84586573C440}.Release|Any CPU.Deploy.0 = Release|Any CPU
		{8BC9E63F-00AA-4AC6-8355-C4F1D417B06C}.Debug|Any CPU.ActiveCfg = Debug|Any CPU
		{8BC9E63F-00AA-4AC6-8355-C4F1D417B06C}.Debug|Any CPU.Build.0 = Debug|Any CPU
		{8BC9E63F-00AA-4AC6-8355-C4F1D417B06C}.Release|Any CPU.ActiveCfg = Release|Any CPU
		{8BC9E63F-00AA-4AC6-8355-C4F1D417B06C}.Release|Any CPU.Build.0 = Release|Any CPU
	EndGlobalSection
	GlobalSection(SolutionProperties) = preSolution
		HideSolutionNode = FALSE
	EndGlobalSection
EndGlobal
